// !$*UTF8*$!
{
	archiveVersion = 1;
	classes = {
	};
	objectVersion = 50;
	objects = {

/* Begin PBXBuildFile section */
		5ED8CA6926DA39AB00C20D8E /* AppDelegate.m in Sources */ = {isa = PBXBuildFile; fileRef = 5ED8CA6826DA39AB00C20D8E /* AppDelegate.m */; };
		5ED8CA6C26DA39AB00C20D8E /* SceneDelegate.m in Sources */ = {isa = PBXBuildFile; fileRef = 5ED8CA6B26DA39AB00C20D8E /* SceneDelegate.m */; };
		5ED8CA6F26DA39AB00C20D8E /* ViewController.m in Sources */ = {isa = PBXBuildFile; fileRef = 5ED8CA6E26DA39AB00C20D8E /* ViewController.m */; };
		5ED8CA7226DA39AB00C20D8E /* Main.storyboard in Resources */ = {isa = PBXBuildFile; fileRef = 5ED8CA7026DA39AB00C20D8E /* Main.storyboard */; };
		5ED8CA7426DA39B700C20D8E /* Assets.xcassets in Resources */ = {isa = PBXBuildFile; fileRef = 5ED8CA7326DA39B700C20D8E /* Assets.xcassets */; };
		5ED8CA7726DA39B700C20D8E /* LaunchScreen.storyboard in Resources */ = {isa = PBXBuildFile; fileRef = 5ED8CA7526DA39B700C20D8E /* LaunchScreen.storyboard */; };
		5ED8CA7A26DA39B700C20D8E /* main.m in Sources */ = {isa = PBXBuildFile; fileRef = 5ED8CA7926DA39B700C20D8E /* main.m */; };
		5ED8CA8426DA39B800C20D8E /* StudyTests.m in Sources */ = {isa = PBXBuildFile; fileRef = 5ED8CA8326DA39B800C20D8E /* StudyTests.m */; };
		5ED8CA8F26DA39B800C20D8E /* StudyUITests.m in Sources */ = {isa = PBXBuildFile; fileRef = 5ED8CA8E26DA39B800C20D8E /* StudyUITests.m */; };
		5ED8CA9E26DA722A00C20D8E /* NSObject+Json.m in Sources */ = {isa = PBXBuildFile; fileRef = 5ED8CA9D26DA722A00C20D8E /* NSObject+Json.m */; };
		5ED8CAA126DA72BA00C20D8E /* Person.m in Sources */ = {isa = PBXBuildFile; fileRef = 5ED8CAA026DA72BA00C20D8E /* Person.m */; };
/* End PBXBuildFile section */

/* Begin PBXContainerItemProxy section */
		5ED8CA8026DA39B800C20D8E /* PBXContainerItemProxy */ = {
			isa = PBXContainerItemProxy;
			containerPortal = 5ED8CA5C26DA39AA00C20D8E /* Project object */;
			proxyType = 1;
			remoteGlobalIDString = 5ED8CA6326DA39AA00C20D8E;
			remoteInfo = Study;
		};
		5ED8CA8B26DA39B800C20D8E /* PBXContainerItemProxy */ = {
			isa = PBXContainerItemProxy;
			containerPortal = 5ED8CA5C26DA39AA00C20D8E /* Project object */;
			proxyType = 1;
			remoteGlobalIDString = 5ED8CA6326DA39AA00C20D8E;
			remoteInfo = Study;
		};
/* End PBXContainerItemProxy section */

/* Begin PBXFileReference section */
		5ED8CA6426DA39AB00C20D8E /* Study.app */ = {isa = PBXFileReference; explicitFileType = wrapper.application; includeInIndex = 0; path = Study.app; sourceTree = BUILT_PRODUCTS_DIR; };
		5ED8CA6726DA39AB00C20D8E /* AppDelegate.h */ = {isa = PBXFileReference; lastKnownFileType = sourcecode.c.h; path = AppDelegate.h; sourceTree = "<group>"; };
		5ED8CA6826DA39AB00C20D8E /* AppDelegate.m */ = {isa = PBXFileReference; lastKnownFileType = sourcecode.c.objc; path = AppDelegate.m; sourceTree = "<group>"; };
		5ED8CA6A26DA39AB00C20D8E /* SceneDelegate.h */ = {isa = PBXFileReference; lastKnownFileType = sourcecode.c.h; path = SceneDelegate.h; sourceTree = "<group>"; };
		5ED8CA6B26DA39AB00C20D8E /* SceneDelegate.m */ = {isa = PBXFileReference; lastKnownFileType = sourcecode.c.objc; path = SceneDelegate.m; sourceTree = "<group>"; };
		5ED8CA6D26DA39AB00C20D8E /* ViewController.h */ = {isa = PBXFileReference; lastKnownFileType = sourcecode.c.h; path = ViewController.h; sourceTree = "<group>"; };
		5ED8CA6E26DA39AB00C20D8E /* ViewController.m */ = {isa = PBXFileReference; lastKnownFileType = sourcecode.c.objc; path = ViewController.m; sourceTree = "<group>"; };
		5ED8CA7126DA39AB00C20D8E /* Base */ = {isa = PBXFileReference; lastKnownFileType = file.storyboard; name = Base; path = Base.lproj/Main.storyboard; sourceTree = "<group>"; };
		5ED8CA7326DA39B700C20D8E /* Assets.xcassets */ = {isa = PBXFileReference; lastKnownFileType = folder.assetcatalog; path = Assets.xcassets; sourceTree = "<group>"; };
		5ED8CA7626DA39B700C20D8E /* Base */ = {isa = PBXFileReference; lastKnownFileType = file.storyboard; name = Base; path = Base.lproj/LaunchScreen.storyboard; sourceTree = "<group>"; };
		5ED8CA7826DA39B700C20D8E /* Info.plist */ = {isa = PBXFileReference; lastKnownFileType = text.plist.xml; path = Info.plist; sourceTree = "<group>"; };
		5ED8CA7926DA39B700C20D8E /* main.m */ = {isa = PBXFileReference; lastKnownFileType = sourcecode.c.objc; path = main.m; sourceTree = "<group>"; };
		5ED8CA7F26DA39B800C20D8E /* StudyTests.xctest */ = {isa = PBXFileReference; explicitFileType = wrapper.cfbundle; includeInIndex = 0; path = StudyTests.xctest; sourceTree = BUILT_PRODUCTS_DIR; };
		5ED8CA8326DA39B800C20D8E /* StudyTests.m */ = {isa = PBXFileReference; lastKnownFileType = sourcecode.c.objc; path = StudyTests.m; sourceTree = "<group>"; };
		5ED8CA8526DA39B800C20D8E /* Info.plist */ = {isa = PBXFileReference; lastKnownFileType = text.plist.xml; path = Info.plist; sourceTree = "<group>"; };
		5ED8CA8A26DA39B800C20D8E /* StudyUITests.xctest */ = {isa = PBXFileReference; explicitFileType = wrapper.cfbundle; includeInIndex = 0; path = StudyUITests.xctest; sourceTree = BUILT_PRODUCTS_DIR; };
		5ED8CA8E26DA39B800C20D8E /* StudyUITests.m */ = {isa = PBXFileReference; lastKnownFileType = sourcecode.c.objc; path = StudyUITests.m; sourceTree = "<group>"; };
		5ED8CA9026DA39B800C20D8E /* Info.plist */ = {isa = PBXFileReference; lastKnownFileType = text.plist.xml; path = Info.plist; sourceTree = "<group>"; };
		5ED8CA9C26DA722A00C20D8E /* NSObject+Json.h */ = {isa = PBXFileReference; lastKnownFileType = sourcecode.c.h; path = "NSObject+Json.h"; sourceTree = "<group>"; };
		5ED8CA9D26DA722A00C20D8E /* NSObject+Json.m */ = {isa = PBXFileReference; lastKnownFileType = sourcecode.c.objc; path = "NSObject+Json.m"; sourceTree = "<group>"; };
		5ED8CA9F26DA72BA00C20D8E /* Person.h */ = {isa = PBXFileReference; lastKnownFileType = sourcecode.c.h; path = Person.h; sourceTree = "<group>"; };
		5ED8CAA026DA72BA00C20D8E /* Person.m */ = {isa = PBXFileReference; lastKnownFileType = sourcecode.c.objc; path = Person.m; sourceTree = "<group>"; };
/* End PBXFileReference section */

/* Begin PBXFrameworksBuildPhase section */
		5ED8CA6126DA39AA00C20D8E /* Frameworks */ = {
			isa = PBXFrameworksBuildPhase;
			buildActionMask = 2147483647;
			files = (
			);
			runOnlyForDeploymentPostprocessing = 0;
		};
		5ED8CA7C26DA39B800C20D8E /* Frameworks */ = {
			isa = PBXFrameworksBuildPhase;
			buildActionMask = 2147483647;
			files = (
			);
			runOnlyForDeploymentPostprocessing = 0;
		};
		5ED8CA8726DA39B800C20D8E /* Frameworks */ = {
			isa = PBXFrameworksBuildPhase;
			buildActionMask = 2147483647;
			files = (
			);
			runOnlyForDeploymentPostprocessing = 0;
		};
/* End PBXFrameworksBuildPhase section */

/* Begin PBXGroup section */
		5ED8CA5B26DA39AA00C20D8E = {
			isa = PBXGroup;
			children = (
				5ED8CA6626DA39AB00C20D8E /* Study */,
				5ED8CA8226DA39B800C20D8E /* StudyTests */,
				5ED8CA8D26DA39B800C20D8E /* StudyUITests */,
				5ED8CA6526DA39AB00C20D8E /* Products */,
			);
			sourceTree = "<group>";
		};
		5ED8CA6526DA39AB00C20D8E /* Products */ = {
			isa = PBXGroup;
			children = (
				5ED8CA6426DA39AB00C20D8E /* Study.app */,
				5ED8CA7F26DA39B800C20D8E /* StudyTests.xctest */,
				5ED8CA8A26DA39B800C20D8E /* StudyUITests.xctest */,
			);
			name = Products;
			sourceTree = "<group>";
		};
		5ED8CA6626DA39AB00C20D8E /* Study */ = {
			isa = PBXGroup;
			children = (
				5ED8CA6726DA39AB00C20D8E /* AppDelegate.h */,
				5ED8CA6826DA39AB00C20D8E /* AppDelegate.m */,
				5ED8CA6A26DA39AB00C20D8E /* SceneDelegate.h */,
				5ED8CA6B26DA39AB00C20D8E /* SceneDelegate.m */,
				5ED8CA6D26DA39AB00C20D8E /* ViewController.h */,
				5ED8CA6E26DA39AB00C20D8E /* ViewController.m */,
				5ED8CA9C26DA722A00C20D8E /* NSObject+Json.h */,
				5ED8CA9D26DA722A00C20D8E /* NSObject+Json.m */,
				5ED8CA9F26DA72BA00C20D8E /* Person.h */,
				5ED8CAA026DA72BA00C20D8E /* Person.m */,
				5ED8CA7026DA39AB00C20D8E /* Main.storyboard */,
				5ED8CA7326DA39B700C20D8E /* Assets.xcassets */,
				5ED8CA7526DA39B700C20D8E /* LaunchScreen.storyboard */,
				5ED8CA7826DA39B700C20D8E /* Info.plist */,
				5ED8CA7926DA39B700C20D8E /* main.m */,
			);
			path = Study;
			sourceTree = "<group>";
		};
		5ED8CA8226DA39B800C20D8E /* StudyTests */ = {
			isa = PBXGroup;
			children = (
				5ED8CA8326DA39B800C20D8E /* StudyTests.m */,
				5ED8CA8526DA39B800C20D8E /* Info.plist */,
			);
			path = StudyTests;
			sourceTree = "<group>";
		};
		5ED8CA8D26DA39B800C20D8E /* StudyUITests */ = {
			isa = PBXGroup;
			children = (
				5ED8CA8E26DA39B800C20D8E /* StudyUITests.m */,
				5ED8CA9026DA39B800C20D8E /* Info.plist */,
			);
			path = StudyUITests;
			sourceTree = "<group>";
		};
/* End PBXGroup section */

/* Begin PBXNativeTarget section */
		5ED8CA6326DA39AA00C20D8E /* Study */ = {
			isa = PBXNativeTarget;
			buildConfigurationList = 5ED8CA9326DA39B800C20D8E /* Build configuration list for PBXNativeTarget "Study" */;
			buildPhases = (
				5ED8CA6026DA39AA00C20D8E /* Sources */,
				5ED8CA6126DA39AA00C20D8E /* Frameworks */,
				5ED8CA6226DA39AA00C20D8E /* Resources */,
			);
			buildRules = (
			);
			dependencies = (
			);
			name = Study;
			productName = Study;
			productReference = 5ED8CA6426DA39AB00C20D8E /* Study.app */;
			productType = "com.apple.product-type.application";
		};
		5ED8CA7E26DA39B800C20D8E /* StudyTests */ = {
			isa = PBXNativeTarget;
			buildConfigurationList = 5ED8CA9626DA39B800C20D8E /* Build configuration list for PBXNativeTarget "StudyTests" */;
			buildPhases = (
				5ED8CA7B26DA39B800C20D8E /* Sources */,
				5ED8CA7C26DA39B800C20D8E /* Frameworks */,
				5ED8CA7D26DA39B800C20D8E /* Resources */,
			);
			buildRules = (
			);
			dependencies = (
				5ED8CA8126DA39B800C20D8E /* PBXTargetDependency */,
			);
			name = StudyTests;
			productName = StudyTests;
			productReference = 5ED8CA7F26DA39B800C20D8E /* StudyTests.xctest */;
			productType = "com.apple.product-type.bundle.unit-test";
		};
		5ED8CA8926DA39B800C20D8E /* StudyUITests */ = {
			isa = PBXNativeTarget;
			buildConfigurationList = 5ED8CA9926DA39B800C20D8E /* Build configuration list for PBXNativeTarget "StudyUITests" */;
			buildPhases = (
				5ED8CA8626DA39B800C20D8E /* Sources */,
				5ED8CA8726DA39B800C20D8E /* Frameworks */,
				5ED8CA8826DA39B800C20D8E /* Resources */,
			);
			buildRules = (
			);
			dependencies = (
				5ED8CA8C26DA39B800C20D8E /* PBXTargetDependency */,
			);
			name = StudyUITests;
			productName = StudyUITests;
			productReference = 5ED8CA8A26DA39B800C20D8E /* StudyUITests.xctest */;
			productType = "com.apple.product-type.bundle.ui-testing";
		};
/* End PBXNativeTarget section */

/* Begin PBXProject section */
		5ED8CA5C26DA39AA00C20D8E /* Project object */ = {
			isa = PBXProject;
			attributes = {
				LastUpgradeCheck = 1250;
				TargetAttributes = {
					5ED8CA6326DA39AA00C20D8E = {
						CreatedOnToolsVersion = 12.5.1;
					};
					5ED8CA7E26DA39B800C20D8E = {
						CreatedOnToolsVersion = 12.5.1;
						TestTargetID = 5ED8CA6326DA39AA00C20D8E;
					};
					5ED8CA8926DA39B800C20D8E = {
						CreatedOnToolsVersion = 12.5.1;
						TestTargetID = 5ED8CA6326DA39AA00C20D8E;
					};
				};
			};
			buildConfigurationList = 5ED8CA5F26DA39AA00C20D8E /* Build configuration list for PBXProject "Study" */;
			compatibilityVersion = "Xcode 9.3";
			developmentRegion = en;
			hasScannedForEncodings = 0;
			knownRegions = (
				en,
				Base,
			);
			mainGroup = 5ED8CA5B26DA39AA00C20D8E;
			productRefGroup = 5ED8CA6526DA39AB00C20D8E /* Products */;
			projectDirPath = "";
			projectRoot = "";
			targets = (
				5ED8CA6326DA39AA00C20D8E /* Study */,
				5ED8CA7E26DA39B800C20D8E /* StudyTests */,
				5ED8CA8926DA39B800C20D8E /* StudyUITests */,
			);
		};
/* End PBXProject section */

/* Begin PBXResourcesBuildPhase section */
		5ED8CA6226DA39AA00C20D8E /* Resources */ = {
			isa = PBXResourcesBuildPhase;
			buildActionMask = 2147483647;
			files = (
				5ED8CA7726DA39B700C20D8E /* LaunchScreen.storyboard in Resources */,
				5ED8CA7426DA39B700C20D8E /* Assets.xcassets in Resources */,
				5ED8CA7226DA39AB00C20D8E /* Main.storyboard in Resources */,
			);
			runOnlyForDeploymentPostprocessing = 0;
		};
		5ED8CA7D26DA39B800C20D8E /* Resources */ = {
			isa = PBXResourcesBuildPhase;
			buildActionMask = 2147483647;
			files = (
			);
			runOnlyForDeploymentPostprocessing = 0;
		};
		5ED8CA8826DA39B800C20D8E /* Resources */ = {
			isa = PBXResourcesBuildPhase;
			buildActionMask = 2147483647;
			files = (
			);
			runOnlyForDeploymentPostprocessing = 0;
		};
/* End PBXResourcesBuildPhase section */

/* Begin PBXSourcesBuildPhase section */
		5ED8CA6026DA39AA00C20D8E /* Sources */ = {
			isa = PBXSourcesBuildPhase;
			buildActionMask = 2147483647;
			files = (
				5ED8CAA126DA72BA00C20D8E /* Person.m in Sources */,
				5ED8CA6F26DA39AB00C20D8E /* ViewController.m in Sources */,
				5ED8CA6926DA39AB00C20D8E /* AppDelegate.m in Sources */,
				5ED8CA9E26DA722A00C20D8E /* NSObject+Json.m in Sources */,
				5ED8CA7A26DA39B700C20D8E /* main.m in Sources */,
				5ED8CA6C26DA39AB00C20D8E /* SceneDelegate.m in Sources */,
			);
			runOnlyForDeploymentPostprocessing = 0;
		};
		5ED8CA7B26DA39B800C20D8E /* Sources */ = {
			isa = PBXSourcesBuildPhase;
			buildActionMask = 2147483647;
			files = (
				5ED8CA8426DA39B800C20D8E /* StudyTests.m in Sources */,
			);
			runOnlyForDeploymentPostprocessing = 0;
		};
		5ED8CA8626DA39B800C20D8E /* Sources */ = {
			isa = PBXSourcesBuildPhase;
			buildActionMask = 2147483647;
			files = (
				5ED8CA8F26DA39B800C20D8E /* StudyUITests.m in Sources */,
			);
			runOnlyForDeploymentPostprocessing = 0;
		};
/* End PBXSourcesBuildPhase section */

/* Begin PBXTargetDependency section */
		5ED8CA8126DA39B800C20D8E /* PBXTargetDependency */ = {
			isa = PBXTargetDependency;
			target = 5ED8CA6326DA39AA00C20D8E /* Study */;
			targetProxy = 5ED8CA8026DA39B800C20D8E /* PBXContainerItemProxy */;
		};
		5ED8CA8C26DA39B800C20D8E /* PBXTargetDependency */ = {
			isa = PBXTargetDependency;
			target = 5ED8CA6326DA39AA00C20D8E /* Study */;
			targetProxy = 5ED8CA8B26DA39B800C20D8E /* PBXContainerItemProxy */;
		};
/* End PBXTargetDependency section */

/* Begin PBXVariantGroup section */
		5ED8CA7026DA39AB00C20D8E /* Main.storyboard */ = {
			isa = PBXVariantGroup;
			children = (
				5ED8CA7126DA39AB00C20D8E /* Base */,
			);
			name = Main.storyboard;
			sourceTree = "<group>";
		};
		5ED8CA7526DA39B700C20D8E /* LaunchScreen.storyboard */ = {
			isa = PBXVariantGroup;
			children = (
				5ED8CA7626DA39B700C20D8E /* Base */,
			);
			name = LaunchScreen.storyboard;
			sourceTree = "<group>";
		};
/* End PBXVariantGroup section */

/* Begin XCBuildConfiguration section */
		5ED8CA9126DA39B800C20D8E /* Debug */ = {
			isa = XCBuildConfiguration;
			buildSettings = {
				ALWAYS_SEARCH_USER_PATHS = NO;
				CLANG_ANALYZER_NONNULL = YES;
				CLANG_ANALYZER_NUMBER_OBJECT_CONVERSION = YES_AGGRESSIVE;
				CLANG_CXX_LANGUAGE_STANDARD = "gnu++14";
				CLANG_CXX_LIBRARY = "libc++";
				CLANG_ENABLE_MODULES = YES;
				CLANG_ENABLE_OBJC_ARC = YES;
				CLANG_ENABLE_OBJC_WEAK = YES;
				CLANG_WARN_BLOCK_CAPTURE_AUTORELEASING = YES;
				CLANG_WARN_BOOL_CONVERSION = YES;
				CLANG_WARN_COMMA = YES;
				CLANG_WARN_CONSTANT_CONVERSION = YES;
				CLANG_WARN_DEPRECATED_OBJC_IMPLEMENTATIONS = YES;
				CLANG_WARN_DIRECT_OBJC_ISA_USAGE = YES_ERROR;
				CLANG_WARN_DOCUMENTATION_COMMENTS = YES;
				CLANG_WARN_EMPTY_BODY = YES;
				CLANG_WARN_ENUM_CONVERSION = YES;
				CLANG_WARN_INFINITE_RECURSION = YES;
				CLANG_WARN_INT_CONVERSION = YES;
				CLANG_WARN_NON_LITERAL_NULL_CONVERSION = YES;
				CLANG_WARN_OBJC_IMPLICIT_RETAIN_SELF = YES;
				CLANG_WARN_OBJC_LITERAL_CONVERSION = YES;
				CLANG_WARN_OBJC_ROOT_CLASS = YES_ERROR;
				CLANG_WARN_QUOTED_INCLUDE_IN_FRAMEWORK_HEADER = YES;
				CLANG_WARN_RANGE_LOOP_ANALYSIS = YES;
				CLANG_WARN_STRICT_PROTOTYPES = YES;
				CLANG_WARN_SUSPICIOUS_MOVE = YES;
				CLANG_WARN_UNGUARDED_AVAILABILITY = YES_AGGRESSIVE;
				CLANG_WARN_UNREACHABLE_CODE = YES;
				CLANG_WARN__DUPLICATE_METHOD_MATCH = YES;
				COPY_PHASE_STRIP = NO;
				DEBUG_INFORMATION_FORMAT = dwarf;
				ENABLE_STRICT_OBJC_MSGSEND = YES;
				ENABLE_TESTABILITY = YES;
				GCC_C_LANGUAGE_STANDARD = gnu11;
				GCC_DYNAMIC_NO_PIC = NO;
				GCC_NO_COMMON_BLOCKS = YES;
				GCC_OPTIMIZATION_LEVEL = 0;
				GCC_PREPROCESSOR_DEFINITIONS = (
					"DEBUG=1",
					"$(inherited)",
				);
				GCC_WARN_64_TO_32_BIT_CONVERSION = YES;
				GCC_WARN_ABOUT_RETURN_TYPE = YES_ERROR;
				GCC_WARN_UNDECLARED_SELECTOR = YES;
				GCC_WARN_UNINITIALIZED_AUTOS = YES_AGGRESSIVE;
				GCC_WARN_UNUSED_FUNCTION = YES;
				GCC_WARN_UNUSED_VARIABLE = YES;
				IPHONEOS_DEPLOYMENT_TARGET = 14.5;
				MTL_ENABLE_DEBUG_INFO = INCLUDE_SOURCE;
				MTL_FAST_MATH = YES;
				ONLY_ACTIVE_ARCH = YES;
				SDKROOT = iphoneos;
			};
			name = Debug;
		};
		5ED8CA9226DA39B800C20D8E /* Release */ = {
			isa = XCBuildConfiguration;
			buildSettings = {
				ALWAYS_SEARCH_USER_PATHS = NO;
				CLANG_ANALYZER_NONNULL = YES;
				CLANG_ANALYZER_NUMBER_OBJECT_CONVERSION = YES_AGGRESSIVE;
				CLANG_CXX_LANGUAGE_STANDARD = "gnu++14";
				CLANG_CXX_LIBRARY = "libc++";
				CLANG_ENABLE_MODULES = YES;
				CLANG_ENABLE_OBJC_ARC = YES;
				CLANG_ENABLE_OBJC_WEAK = YES;
				CLANG_WARN_BLOCK_CAPTURE_AUTORELEASING = YES;
				CLANG_WARN_BOOL_CONVERSION = YES;
				CLANG_WARN_COMMA = YES;
				CLANG_WARN_CONSTANT_CONVERSION = YES;
				CLANG_WARN_DEPRECATED_OBJC_IMPLEMENTATIONS = YES;
				CLANG_WARN_DIRECT_OBJC_ISA_USAGE = YES_ERROR;
				CLANG_WARN_DOCUMENTATION_COMMENTS = YES;
				CLANG_WARN_EMPTY_BODY = YES;
				CLANG_WARN_ENUM_CONVERSION = YES;
				CLANG_WARN_INFINITE_RECURSION = YES;
				CLANG_WARN_INT_CONVERSION = YES;
				CLANG_WARN_NON_LITERAL_NULL_CONVERSION = YES;
				CLANG_WARN_OBJC_IMPLICIT_RETAIN_SELF = YES;
				CLANG_WARN_OBJC_LITERAL_CONVERSION = YES;
				CLANG_WARN_OBJC_ROOT_CLASS = YES_ERROR;
				CLANG_WARN_QUOTED_INCLUDE_IN_FRAMEWORK_HEADER = YES;
				CLANG_WARN_RANGE_LOOP_ANALYSIS = YES;
				CLANG_WARN_STRICT_PROTOTYPES = YES;
				CLANG_WARN_SUSPICIOUS_MOVE = YES;
				CLANG_WARN_UNGUARDED_AVAILABILITY = YES_AGGRESSIVE;
				CLANG_WARN_UNREACHABLE_CODE = YES;
				CLANG_WARN__DUPLICATE_METHOD_MATCH = YES;
				COPY_PHASE_STRIP = NO;
				DEBUG_INFORMATION_FORMAT = "dwarf-with-dsym";
				ENABLE_NS_ASSERTIONS = NO;
				ENABLE_STRICT_OBJC_MSGSEND = YES;
				GCC_C_LANGUAGE_STANDARD = gnu11;
				GCC_NO_COMMON_BLOCKS = YES;
				GCC_WARN_64_TO_32_BIT_CONVERSION = YES;
				GCC_WARN_ABOUT_RETURN_TYPE = YES_ERROR;
				GCC_WARN_UNDECLARED_SELECTOR = YES;
				GCC_WARN_UNINITIALIZED_AUTOS = YES_AGGRESSIVE;
				GCC_WARN_UNUSED_FUNCTION = YES;
				GCC_WARN_UNUSED_VARIABLE = YES;
				IPHONEOS_DEPLOYMENT_TARGET = 14.5;
				MTL_ENABLE_DEBUG_INFO = NO;
				MTL_FAST_MATH = YES;
				SDKROOT = iphoneos;
				VALIDATE_PRODUCT = YES;
			};
			name = Release;
		};
		5ED8CA9426DA39B800C20D8E /* Debug */ = {
			isa = XCBuildConfiguration;
			buildSettings = {
				ASSETCATALOG_COMPILER_APPICON_NAME = AppIcon;
				ASSETCATALOG_COMPILER_GLOBAL_ACCENT_COLOR_NAME = AccentColor;
				CODE_SIGN_STYLE = Automatic;
				DEVELOPMENT_TEAM = X496RVQDTB;
				INFOPLIST_FILE = Study/Info.plist;
				LD_RUNPATH_SEARCH_PATHS = (
					"$(inherited)",
					"@executable_path/Frameworks",
				);
				PRODUCT_BUNDLE_IDENTIFIER = mxl.Study;
				PRODUCT_NAME = "$(TARGET_NAME)";
				TARGETED_DEVICE_FAMILY = "1,2";
			};
			name = Debug;
		};
		5ED8CA9526DA39B800C20D8E /* Release */ = {
			isa = XCBuildConfiguration;
			buildSettings = {
				ASSETCATALOG_COMPILER_APPICON_NAME = AppIcon;
				ASSETCATALOG_COMPILER_GLOBAL_ACCENT_COLOR_NAME = AccentColor;
				CODE_SIGN_STYLE = Automatic;
				DEVELOPMENT_TEAM = X496RVQDTB;
				INFOPLIST_FILE = Study/Info.plist;
				LD_RUNPATH_SEARCH_PATHS = (
					"$(inherited)",
					"@executable_path/Frameworks",
				);
				PRODUCT_BUNDLE_IDENTIFIER = mxl.Study;
				PRODUCT_NAME = "$(TARGET_NAME)";
				TARGETED_DEVICE_FAMILY = "1,2";
			};
			name = Release;
		};
		5ED8CA9726DA39B800C20D8E /* Debug */ = {
			isa = XCBuildConfiguration;
			buildSettings = {
				BUNDLE_LOADER = "$(TEST_HOST)";
				CODE_SIGN_STYLE = Automatic;
				DEVELOPMENT_TEAM = X496RVQDTB;
				INFOPLIST_FILE = StudyTests/Info.plist;
				IPHONEOS_DEPLOYMENT_TARGET = 14.5;
				LD_RUNPATH_SEARCH_PATHS = (
					"$(inherited)",
					"@executable_path/Frameworks",
					"@loader_path/Frameworks",
				);
				PRODUCT_BUNDLE_IDENTIFIER = mxl.StudyTests;
				PRODUCT_NAME = "$(TARGET_NAME)";
				TARGETED_DEVICE_FAMILY = "1,2";
				TEST_HOST = "$(BUILT_PRODUCTS_DIR)/Study.app/Study";
			};
			name = Debug;
		};
		5ED8CA9826DA39B800C20D8E /* Release */ = {
			isa = XCBuildConfiguration;
			buildSettings = {
				BUNDLE_LOADER = "$(TEST_HOST)";
				CODE_SIGN_STYLE = Automatic;
				DEVELOPMENT_TEAM = X496RVQDTB;
				INFOPLIST_FILE = StudyTests/Info.plist;
				IPHONEOS_DEPLOYMENT_TARGET = 14.5;
				LD_RUNPATH_SEARCH_PATHS = (
					"$(inherited)",
					"@executable_path/Frameworks",
					"@loader_path/Frameworks",
				);
				PRODUCT_BUNDLE_IDENTIFIER = mxl.StudyTests;
				PRODUCT_NAME = "$(TARGET_NAME)";
				TARGETED_DEVICE_FAMILY = "1,2";
				TEST_HOST = "$(BUILT_PRODUCTS_DIR)/Study.app/Study";
			};
			name = Release;
		};
		5ED8CA9A26DA39B800C20D8E /* Debug */ = {
			isa = XCBuildConfiguration;
			buildSettings = {
				CODE_SIGN_STYLE = Automatic;
				DEVELOPMENT_TEAM = X496RVQDTB;
				INFOPLIST_FILE = StudyUITests/Info.plist;
				LD_RUNPATH_SEARCH_PATHS = (
					"$(inherited)",
					"@executable_path/Frameworks",
					"@loader_path/Frameworks",
				);
				PRODUCT_BUNDLE_IDENTIFIER = mxl.StudyUITests;
				PRODUCT_NAME = "$(TARGET_NAME)";
				TARGETED_DEVICE_FAMILY = "1,2";
				TEST_TARGET_NAME = Study;
			};
			name = Debug;
		};
		5ED8CA9B26DA39B800C20D8E /* Release */ = {
			isa = XCBuildConfiguration;
			buildSettings = {
				CODE_SIGN_STYLE = Automatic;
				DEVELOPMENT_TEAM = X496RVQDTB;
				INFOPLIST_FILE = StudyUITests/Info.plist;
				LD_RUNPATH_SEARCH_PATHS = (
					"$(inherited)",
					"@executable_path/Frameworks",
					"@loader_path/Frameworks",
				);
				PRODUCT_BUNDLE_IDENTIFIER = mxl.StudyUITests;
				PRODUCT_NAME = "$(TARGET_NAME)";
				TARGETED_DEVICE_FAMILY = "1,2";
				TEST_TARGET_NAME = Study;
			};
			name = Release;
		};
/* End XCBuildConfiguration section */

/* Begin XCConfigurationList section */
		5ED8CA5F26DA39AA00C20D8E /* Build configuration list for PBXProject "Study" */ = {
			isa = XCConfigurationList;
			buildConfigurations = (
				5ED8CA9126DA39B800C20D8E /* Debug */,
				5ED8CA9226DA39B800C20D8E /* Release */,
			);
			defaultConfigurationIsVisible = 0;
			defaultConfigurationName = Release;
		};
		5ED8CA9326DA39B800C20D8E /* Build configuration list for PBXNativeTarget "Study" */ = {
			isa = XCConfigurationList;
			buildConfigurations = (
				5ED8CA9426DA39B800C20D8E /* Debug */,
				5ED8CA9526DA39B800C20D8E /* Release */,
			);
			defaultConfigurationIsVisible = 0;
			defaultConfigurationName = Release;
		};
		5ED8CA9626DA39B800C20D8E /* Build configuration list for PBXNativeTarget "StudyTests" */ = {
			isa = XCConfigurationList;
			buildConfigurations = (
				5ED8CA9726DA39B800C20D8E /* Debug */,
				5ED8CA9826DA39B800C20D8E /* Release */,
			);
			defaultConfigurationIsVisible = 0;
			defaultConfigurationName = Release;
		};
		5ED8CA9926DA39B800C20D8E /* Build configuration list for PBXNativeTarget "StudyUITests" */ = {
			isa = XCConfigurationList;
			buildConfigurations = (
				5ED8CA9A26DA39B800C20D8E /* Debug */,
				5ED8CA9B26DA39B800C20D8E /* Release */,
			);
			defaultConfigurationIsVisible = 0;
			defaultConfigurationName = Release;
		};
/* End XCConfigurationList section */
	};
	rootObject = 5ED8CA5C26DA39AA00C20D8E /* Project object */;
}
